
Microsoft Visual Studio Solution File, Format Version 12.00
# Visual Studio Version 17
VisualStudioVersion = 17.11.35312.102
MinimumVisualStudioVersion = 10.0.40219.1
Project("{FAE04EC0-301F-11D3-BF4B-00C04F79EFBC}") = "InteWPF", "InteWPF\InteWPF.csproj", "{13C75AFA-BB67-43DD-B86E-95A065FEB45F}"
EndProject
Global
	GlobalSection(SolutionConfigurationPlatforms) = preSolution
		Debug|Any CPU = Debug|Any CPU
		Release|Any CPU = Release|Any CPU
	EndGlobalSection
	GlobalSection(ProjectConfigurationPlatforms) = postSolution
		{13C75AFA-BB67-43DD-B86E-95A065FEB45F}.Debug|Any CPU.ActiveCfg = Debug|Any CPU
		{13C75AFA-BB67-43DD-B86E-95A065FEB45F}.Debug|Any CPU.Build.0 = Debug|Any CPU
		{13C75AFA-BB67-43DD-B86E-95A065FEB45F}.Release|Any CPU.ActiveCfg = Release|Any CPU
		{13C75AFA-BB67-43DD-B86E-95A065FEB45F}.Release|Any CPU.Build.0 = Release|Any CPU
	EndGlobalSection
	GlobalSection(SolutionProperties) = preSolution
		HideSolutionNode = FALSE
	EndGlobalSection
	GlobalSection(ExtensibilityGlobals) = postSolution
		SolutionGuid = {03C5C391-7B52-4FBA-8F49-3857D6FB3B58}
	EndGlobalSection
EndGlobal
